{
	"name": "invitation-v2",
	"version": "1.0.0",
	"lockfileVersion": 3,
	"requires": true,
	"packages": {
		"": {
			"name": "invitation-v2",
			"version": "1.0.0",
			"license": "ISC",
			"workspaces": [
				"./packages/*"
			]
		},
		"node_modules/api": {
			"resolved": "packages/api",
			"link": true
		},
		"node_modules/ui": {
			"resolved": "packages/ui",
			"link": true
		},
		"node_modules/web": {
			"resolved": "packages/web",
			"link": true
		},
		"packages/api": {
			"version": "1.0.0",
			"license": "ISC"
		},
		"packages/ui": {
			"version": "1.0.0",
			"license": "ISC"
		},
		"packages/web": {
			"version": "1.0.0",
			"license": "ISC",
			"dependencies": {
				"api": "1.0.0",
				"ui": "1.0.0"
			}
		}
	}
}
